
Microsoft Visual Studio Solution File, Format Version 12.00
# Visual Studio Version 17
VisualStudioVersion = 17.0.31903.59
MinimumVisualStudioVersion = 10.0.40219.1
Project("{2150E333-8FDC-42A3-9474-1A3956D46DE8}") = "src", "src", "{827E0CD3-B72D-47B6-A68D-7590B98EB39B}"
EndProject
Project("{2150E333-8FDC-42A3-9474-1A3956D46DE8}") = "backend", "backend", "{FE360695-3F2B-1049-3887-35FBB5135923}"
EndProject
Project("{FAE04EC0-301F-11D3-BF4B-00C04F79EFBC}") = "QweCMS.Api", "src\backend\QweCMS.Api\QweCMS.Api.csproj", "{BF174B5B-7037-4C3B-981C-93E94DFF79F8}"
EndProject
Project("{FAE04EC0-301F-11D3-BF4B-00C04F79EFBC}") = "QweCMS.Core", "src\backend\QweCMS.Core\QweCMS.Core.csproj", "{57674363-D0AC-4015-9AD7-BB20DE2B95C0}"
EndProject
Project("{FAE04EC0-301F-11D3-BF4B-00C04F79EFBC}") = "QweCMS.Infrastructure", "src\backend\QweCMS.Infrastructure\QweCMS.Infrastructure.csproj", "{FDE2820F-EA5B-4C41-9779-9EF8D491FC31}"
EndProject
Project("{FAE04EC0-301F-11D3-BF4B-00C04F79EFBC}") = "QweCMS.Tests", "src\backend\QweCMS.Tests\QweCMS.Tests.csproj", "{0E24181C-3D2D-460A-9382-7705635685D1}"
EndProject
Global
	GlobalSection(SolutionConfigurationPlatforms) = preSolution
		Debug|Any CPU = Debug|Any CPU
		Debug|x64 = Debug|x64
		Debug|x86 = Debug|x86
		Release|Any CPU = Release|Any CPU
		Release|x64 = Release|x64
		Release|x86 = Release|x86
	EndGlobalSection
	GlobalSection(ProjectConfigurationPlatforms) = postSolution
		{BF174B5B-7037-4C3B-981C-93E94DFF79F8}.Debug|Any CPU.ActiveCfg = Debug|Any CPU
		{BF174B5B-7037-4C3B-981C-93E94DFF79F8}.Debug|Any CPU.Build.0 = Debug|Any CPU
		{BF174B5B-7037-4C3B-981C-93E94DFF79F8}.Debug|x64.ActiveCfg = Debug|Any CPU
		{BF174B5B-7037-4C3B-981C-93E94DFF79F8}.Debug|x64.Build.0 = Debug|Any CPU
		{BF174B5B-7037-4C3B-981C-93E94DFF79F8}.Debug|x86.ActiveCfg = Debug|Any CPU
		{BF174B5B-7037-4C3B-981C-93E94DFF79F8}.Debug|x86.Build.0 = Debug|Any CPU
		{BF174B5B-7037-4C3B-981C-93E94DFF79F8}.Release|Any CPU.ActiveCfg = Release|Any CPU
		{BF174B5B-7037-4C3B-981C-93E94DFF79F8}.Release|Any CPU.Build.0 = Release|Any CPU
		{BF174B5B-7037-4C3B-981C-93E94DFF79F8}.Release|x64.ActiveCfg = Release|Any CPU
		{BF174B5B-7037-4C3B-981C-93E94DFF79F8}.Release|x64.Build.0 = Release|Any CPU
		{BF174B5B-7037-4C3B-981C-93E94DFF79F8}.Release|x86.ActiveCfg = Release|Any CPU
		{BF174B5B-7037-4C3B-981C-93E94DFF79F8}.Release|x86.Build.0 = Release|Any CPU
		{57674363-D0AC-4015-9AD7-BB20DE2B95C0}.Debug|Any CPU.ActiveCfg = Debug|Any CPU
		{57674363-D0AC-4015-9AD7-BB20DE2B95C0}.Debug|Any CPU.Build.0 = Debug|Any CPU
		{57674363-D0AC-4015-9AD7-BB20DE2B95C0}.Debug|x64.ActiveCfg = Debug|Any CPU
		{57674363-D0AC-4015-9AD7-BB20DE2B95C0}.Debug|x64.Build.0 = Debug|Any CPU
		{57674363-D0AC-4015-9AD7-BB20DE2B95C0}.Debug|x86.ActiveCfg = Debug|Any CPU
		{57674363-D0AC-4015-9AD7-BB20DE2B95C0}.Debug|x86.Build.0 = Debug|Any CPU
		{57674363-D0AC-4015-9AD7-BB20DE2B95C0}.Release|Any CPU.ActiveCfg = Release|Any CPU
		{57674363-D0AC-4015-9AD7-BB20DE2B95C0}.Release|Any CPU.Build.0 = Release|Any CPU
		{57674363-D0AC-4015-9AD7-BB20DE2B95C0}.Release|x64.ActiveCfg = Release|Any CPU
		{57674363-D0AC-4015-9AD7-BB20DE2B95C0}.Release|x64.Build.0 = Release|Any CPU
		{57674363-D0AC-4015-9AD7-BB20DE2B95C0}.Release|x86.ActiveCfg = Release|Any CPU
		{57674363-D0AC-4015-9AD7-BB20DE2B95C0}.Release|x86.Build.0 = Release|Any CPU
		{FDE2820F-EA5B-4C41-9779-9EF8D491FC31}.Debug|Any CPU.ActiveCfg = Debug|Any CPU
		{FDE2820F-EA5B-4C41-9779-9EF8D491FC31}.Debug|Any CPU.Build.0 = Debug|Any CPU
		{FDE2820F-EA5B-4C41-9779-9EF8D491FC31}.Debug|x64.ActiveCfg = Debug|Any CPU
		{FDE2820F-EA5B-4C41-9779-9EF8D491FC31}.Debug|x64.Build.0 = Debug|Any CPU
		{FDE2820F-EA5B-4C41-9779-9EF8D491FC31}.Debug|x86.ActiveCfg = Debug|Any CPU
		{FDE2820F-EA5B-4C41-9779-9EF8D491FC31}.Debug|x86.Build.0 = Debug|Any CPU
		{FDE2820F-EA5B-4C41-9779-9EF8D491FC31}.Release|Any CPU.ActiveCfg = Release|Any CPU
		{FDE2820F-EA5B-4C41-9779-9EF8D491FC31}.Release|Any CPU.Build.0 = Release|Any CPU
		{FDE2820F-EA5B-4C41-9779-9EF8D491FC31}.Release|x64.ActiveCfg = Release|Any CPU
		{FDE2820F-EA5B-4C41-9779-9EF8D491FC31}.Release|x64.Build.0 = Release|Any CPU
		{FDE2820F-EA5B-4C41-9779-9EF8D491FC31}.Release|x86.ActiveCfg = Release|Any CPU
		{FDE2820F-EA5B-4C41-9779-9EF8D491FC31}.Release|x86.Build.0 = Release|Any CPU
		{0E24181C-3D2D-460A-9382-7705635685D1}.Debug|Any CPU.ActiveCfg = Debug|Any CPU
		{0E24181C-3D2D-460A-9382-7705635685D1}.Debug|Any CPU.Build.0 = Debug|Any CPU
		{0E24181C-3D2D-460A-9382-7705635685D1}.Debug|x64.ActiveCfg = Debug|Any CPU
		{0E24181C-3D2D-460A-9382-7705635685D1}.Debug|x64.Build.0 = Debug|Any CPU
		{0E24181C-3D2D-460A-9382-7705635685D1}.Debug|x86.ActiveCfg = Debug|Any CPU
		{0E24181C-3D2D-460A-9382-7705635685D1}.Debug|x86.Build.0 = Debug|Any CPU
		{0E24181C-3D2D-460A-9382-7705635685D1}.Release|Any CPU.ActiveCfg = Release|Any CPU
		{0E24181C-3D2D-460A-9382-7705635685D1}.Release|Any CPU.Build.0 = Release|Any CPU
		{0E24181C-3D2D-460A-9382-7705635685D1}.Release|x64.ActiveCfg = Release|Any CPU
		{0E24181C-3D2D-460A-9382-7705635685D1}.Release|x64.Build.0 = Release|Any CPU
		{0E24181C-3D2D-460A-9382-7705635685D1}.Release|x86.ActiveCfg = Release|Any CPU
		{0E24181C-3D2D-460A-9382-7705635685D1}.Release|x86.Build.0 = Release|Any CPU
	EndGlobalSection
	GlobalSection(SolutionProperties) = preSolution
		HideSolutionNode = FALSE
	EndGlobalSection
	GlobalSection(NestedProjects) = preSolution
		{FE360695-3F2B-1049-3887-35FBB5135923} = {827E0CD3-B72D-47B6-A68D-7590B98EB39B}
		{BF174B5B-7037-4C3B-981C-93E94DFF79F8} = {FE360695-3F2B-1049-3887-35FBB5135923}
		{57674363-D0AC-4015-9AD7-BB20DE2B95C0} = {FE360695-3F2B-1049-3887-35FBB5135923}
		{FDE2820F-EA5B-4C41-9779-9EF8D491FC31} = {FE360695-3F2B-1049-3887-35FBB5135923}
		{0E24181C-3D2D-460A-9382-7705635685D1} = {FE360695-3F2B-1049-3887-35FBB5135923}
	EndGlobalSection
EndGlobal
